
Microsoft Visual Studio Solution File, Format Version 12.00
# Visual Studio Version 17
VisualStudioVersion = 17.8.34525.116
MinimumVisualStudioVersion = 10.0.40219.1
Project("{FAE04EC0-301F-11D3-BF4B-00C04F79EFBC}") = "ATM_Machine", "ATM_Machine\ATM_Machine.csproj", "{0178F4EF-FD46-45B6-A4AE-5AD1ED17D911}"
EndProject
Global
	GlobalSection(SolutionConfigurationPlatforms) = preSolution
		Debug|Any CPU = Debug|Any CPU
		Release|Any CPU = Release|Any CPU
	EndGlobalSection
	GlobalSection(ProjectConfigurationPlatforms) = postSolution
		{0178F4EF-FD46-45B6-A4AE-5AD1ED17D911}.Debug|Any CPU.ActiveCfg = Debug|Any CPU
		{0178F4EF-FD46-45B6-A4AE-5AD1ED17D911}.Debug|Any CPU.Build.0 = Debug|Any CPU
		{0178F4EF-FD46-45B6-A4AE-5AD1ED17D911}.Release|Any CPU.ActiveCfg = Release|Any CPU
		{0178F4EF-FD46-45B6-A4AE-5AD1ED17D911}.Release|Any CPU.Build.0 = Release|Any CPU
	EndGlobalSection
	GlobalSection(SolutionProperties) = preSolution
		HideSolutionNode = FALSE
	EndGlobalSection
	GlobalSection(ExtensibilityGlobals) = postSolution
		SolutionGuid = {9DBBED1B-56A1-4082-81BB-F33BC63AD6A2}
	EndGlobalSection
EndGlobal
